// !$*UTF8*$!
{
	archiveVersion = 1;
	classes = {
	};
	objectVersion = 55;
	objects = {

/* Begin PBXBuildFile section */
		721FAD5E27F14A79000D85C3 /* SDCTextField.swift in Sources */ = {isa = PBXBuildFile; fileRef = 721FAD5D27F14A79000D85C3 /* SDCTextField.swift */; };
		727CD61927F0624B0085D457 /* Realm in Frameworks */ = {isa = PBXBuildFile; productRef = 727CD61827F0624B0085D457 /* Realm */; };
		727CD61B27F0624B0085D457 /* RealmSwift in Frameworks */ = {isa = PBXBuildFile; productRef = 727CD61A27F0624B0085D457 /* RealmSwift */; };
		727CD61D27F062A90085D457 /* QualificationRealm.swift in Sources */ = {isa = PBXBuildFile; fileRef = 727CD61C27F062A90085D457 /* QualificationRealm.swift */; };
		727CD62127F063AE0085D457 /* RegisterViewModel.swift in Sources */ = {isa = PBXBuildFile; fileRef = 727CD62027F063AE0085D457 /* RegisterViewModel.swift */; };
		72BD208627EFD4E70004A68B /* AppDelegate.swift in Sources */ = {isa = PBXBuildFile; fileRef = 72BD208527EFD4E70004A68B /* AppDelegate.swift */; };
		72BD208827EFD4E70004A68B /* SceneDelegate.swift in Sources */ = {isa = PBXBuildFile; fileRef = 72BD208727EFD4E70004A68B /* SceneDelegate.swift */; };
		72BD208F27EFD4E80004A68B /* Assets.xcassets in Resources */ = {isa = PBXBuildFile; fileRef = 72BD208E27EFD4E80004A68B /* Assets.xcassets */; };
		72BD209227EFD4E80004A68B /* LaunchScreen.storyboard in Resources */ = {isa = PBXBuildFile; fileRef = 72BD209027EFD4E80004A68B /* LaunchScreen.storyboard */; };
		72BD209B27EFD68A0004A68B /* QualificationsTabBar.swift in Sources */ = {isa = PBXBuildFile; fileRef = 72BD209A27EFD68A0004A68B /* QualificationsTabBar.swift */; };
		72BD20A627EFD8330004A68B /* QualificationsViewController.swift in Sources */ = {isa = PBXBuildFile; fileRef = 72BD20A427EFD8330004A68B /* QualificationsViewController.swift */; };
		72BD20A727EFD8330004A68B /* QualificationsViewController.xib in Resources */ = {isa = PBXBuildFile; fileRef = 72BD20A527EFD8330004A68B /* QualificationsViewController.xib */; };
		72BD20AA27EFD8570004A68B /* RegisterQualificationsViewController.swift in Sources */ = {isa = PBXBuildFile; fileRef = 72BD20A827EFD8570004A68B /* RegisterQualificationsViewController.swift */; };
		72BD20AE27EFD8FF0004A68B /* DataPersistence.swift in Sources */ = {isa = PBXBuildFile; fileRef = 72BD20AD27EFD8FF0004A68B /* DataPersistence.swift */; };
		72BD20B027EFE7F00004A68B /* BaseViewController.swift in Sources */ = {isa = PBXBuildFile; fileRef = 72BD20AF27EFE7F00004A68B /* BaseViewController.swift */; };
		72BD20B427F044C90004A68B /* UITextFieldExtension.swift in Sources */ = {isa = PBXBuildFile; fileRef = 72BD20B327F044C90004A68B /* UITextFieldExtension.swift */; };
/* End PBXBuildFile section */

/* Begin PBXFileReference section */
		721FAD5D27F14A79000D85C3 /* SDCTextField.swift */ = {isa = PBXFileReference; lastKnownFileType = sourcecode.swift; path = SDCTextField.swift; sourceTree = "<group>"; };
		727CD61C27F062A90085D457 /* QualificationRealm.swift */ = {isa = PBXFileReference; lastKnownFileType = sourcecode.swift; path = QualificationRealm.swift; sourceTree = "<group>"; };
		727CD62027F063AE0085D457 /* RegisterViewModel.swift */ = {isa = PBXFileReference; lastKnownFileType = sourcecode.swift; path = RegisterViewModel.swift; sourceTree = "<group>"; };
		72BD208227EFD4E70004A68B /* QualificationsProject.app */ = {isa = PBXFileReference; explicitFileType = wrapper.application; includeInIndex = 0; path = QualificationsProject.app; sourceTree = BUILT_PRODUCTS_DIR; };
		72BD208527EFD4E70004A68B /* AppDelegate.swift */ = {isa = PBXFileReference; lastKnownFileType = sourcecode.swift; path = AppDelegate.swift; sourceTree = "<group>"; };
		72BD208727EFD4E70004A68B /* SceneDelegate.swift */ = {isa = PBXFileReference; lastKnownFileType = sourcecode.swift; path = SceneDelegate.swift; sourceTree = "<group>"; };
		72BD208E27EFD4E80004A68B /* Assets.xcassets */ = {isa = PBXFileReference; lastKnownFileType = folder.assetcatalog; path = Assets.xcassets; sourceTree = "<group>"; };
		72BD209127EFD4E80004A68B /* Base */ = {isa = PBXFileReference; lastKnownFileType = file.storyboard; name = Base; path = Base.lproj/LaunchScreen.storyboard; sourceTree = "<group>"; };
		72BD209327EFD4E80004A68B /* Info.plist */ = {isa = PBXFileReference; lastKnownFileType = text.plist.xml; path = Info.plist; sourceTree = "<group>"; };
		72BD209A27EFD68A0004A68B /* QualificationsTabBar.swift */ = {isa = PBXFileReference; lastKnownFileType = sourcecode.swift; path = QualificationsTabBar.swift; sourceTree = "<group>"; };
		72BD20A427EFD8330004A68B /* QualificationsViewController.swift */ = {isa = PBXFileReference; lastKnownFileType = sourcecode.swift; path = QualificationsViewController.swift; sourceTree = "<group>"; };
		72BD20A527EFD8330004A68B /* QualificationsViewController.xib */ = {isa = PBXFileReference; lastKnownFileType = file.xib; path = QualificationsViewController.xib; sourceTree = "<group>"; };
		72BD20A827EFD8570004A68B /* RegisterQualificationsViewController.swift */ = {isa = PBXFileReference; lastKnownFileType = sourcecode.swift; path = RegisterQualificationsViewController.swift; sourceTree = "<group>"; };
		72BD20AD27EFD8FF0004A68B /* DataPersistence.swift */ = {isa = PBXFileReference; lastKnownFileType = sourcecode.swift; path = DataPersistence.swift; sourceTree = "<group>"; };
		72BD20AF27EFE7F00004A68B /* BaseViewController.swift */ = {isa = PBXFileReference; lastKnownFileType = sourcecode.swift; path = BaseViewController.swift; sourceTree = "<group>"; };
		72BD20B327F044C90004A68B /* UITextFieldExtension.swift */ = {isa = PBXFileReference; lastKnownFileType = sourcecode.swift; path = UITextFieldExtension.swift; sourceTree = "<group>"; };
/* End PBXFileReference section */

/* Begin PBXFrameworksBuildPhase section */
		72BD207F27EFD4E70004A68B /* Frameworks */ = {
			isa = PBXFrameworksBuildPhase;
			buildActionMask = 2147483647;
			files = (
				727CD61B27F0624B0085D457 /* RealmSwift in Frameworks */,
				727CD61927F0624B0085D457 /* Realm in Frameworks */,
			);
			runOnlyForDeploymentPostprocessing = 0;
		};
/* End PBXFrameworksBuildPhase section */

/* Begin PBXGroup section */
		72BD207927EFD4E70004A68B = {
			isa = PBXGroup;
			children = (
				72BD208427EFD4E70004A68B /* QualificationsProject */,
				72BD208327EFD4E70004A68B /* Products */,
			);
			sourceTree = "<group>";
		};
		72BD208327EFD4E70004A68B /* Products */ = {
			isa = PBXGroup;
			children = (
				72BD208227EFD4E70004A68B /* QualificationsProject.app */,
			);
			name = Products;
			sourceTree = "<group>";
		};
		72BD208427EFD4E70004A68B /* QualificationsProject */ = {
			isa = PBXGroup;
			children = (
				72BD20B127EFE85F0004A68B /* Commons */,
				72BD20AC27EFD8CB0004A68B /* LocalDataBase */,
				72BD209D27EFD7130004A68B /* Qualifications */,
				72BD209C27EFD7070004A68B /* RegisterQualifications */,
				72BD209927EFD5EE0004A68B /* TabBarController */,
				72BD208527EFD4E70004A68B /* AppDelegate.swift */,
				72BD208727EFD4E70004A68B /* SceneDelegate.swift */,
				72BD208E27EFD4E80004A68B /* Assets.xcassets */,
				72BD209027EFD4E80004A68B /* LaunchScreen.storyboard */,
				72BD209327EFD4E80004A68B /* Info.plist */,
			);
			path = QualificationsProject;
			sourceTree = "<group>";
		};
		72BD209927EFD5EE0004A68B /* TabBarController */ = {
			isa = PBXGroup;
			children = (
				72BD209A27EFD68A0004A68B /* QualificationsTabBar.swift */,
			);
			path = TabBarController;
			sourceTree = "<group>";
		};
		72BD209C27EFD7070004A68B /* RegisterQualifications */ = {
			isa = PBXGroup;
			children = (
				72BD20A027EFD7320004A68B /* Model */,
				72BD209F27EFD72E0004A68B /* View */,
				72BD209E27EFD7230004A68B /* ViewModel */,
			);
			path = RegisterQualifications;
			sourceTree = "<group>";
		};
		72BD209D27EFD7130004A68B /* Qualifications */ = {
			isa = PBXGroup;
			children = (
				72BD20A327EFD7700004A68B /* Model */,
				72BD20A227EFD76D0004A68B /* View */,
				72BD20A127EFD7680004A68B /* ViewModel */,
			);
			path = Qualifications;
			sourceTree = "<group>";
		};
		72BD209E27EFD7230004A68B /* ViewModel */ = {
			isa = PBXGroup;
			children = (
				727CD62027F063AE0085D457 /* RegisterViewModel.swift */,
			);
			path = ViewModel;
			sourceTree = "<group>";
		};
		72BD209F27EFD72E0004A68B /* View */ = {
			isa = PBXGroup;
			children = (
				72BD20A827EFD8570004A68B /* RegisterQualificationsViewController.swift */,
			);
			path = View;
			sourceTree = "<group>";
		};
		72BD20A027EFD7320004A68B /* Model */ = {
			isa = PBXGroup;
			children = (
				727CD61C27F062A90085D457 /* QualificationRealm.swift */,
			);
			path = Model;
			sourceTree = "<group>";
		};
		72BD20A127EFD7680004A68B /* ViewModel */ = {
			isa = PBXGroup;
			children = (
			);
			path = ViewModel;
			sourceTree = "<group>";
		};
		72BD20A227EFD76D0004A68B /* View */ = {
			isa = PBXGroup;
			children = (
				72BD20A427EFD8330004A68B /* QualificationsViewController.swift */,
				72BD20A527EFD8330004A68B /* QualificationsViewController.xib */,
			);
			path = View;
			sourceTree = "<group>";
		};
		72BD20A327EFD7700004A68B /* Model */ = {
			isa = PBXGroup;
			children = (
			);
			path = Model;
			sourceTree = "<group>";
		};
		72BD20AC27EFD8CB0004A68B /* LocalDataBase */ = {
			isa = PBXGroup;
			children = (
				72BD20AD27EFD8FF0004A68B /* DataPersistence.swift */,
			);
			path = LocalDataBase;
			sourceTree = "<group>";
		};
		72BD20B127EFE85F0004A68B /* Commons */ = {
			isa = PBXGroup;
			children = (
				72BD20B227F044AB0004A68B /* Extension */,
				72BD20AF27EFE7F00004A68B /* BaseViewController.swift */,
				721FAD5D27F14A79000D85C3 /* SDCTextField.swift */,
			);
			path = Commons;
			sourceTree = "<group>";
		};
		72BD20B227F044AB0004A68B /* Extension */ = {
			isa = PBXGroup;
			children = (
				72BD20B327F044C90004A68B /* UITextFieldExtension.swift */,
			);
			path = Extension;
			sourceTree = "<group>";
		};
/* End PBXGroup section */

/* Begin PBXNativeTarget section */
		72BD208127EFD4E70004A68B /* QualificationsProject */ = {
			isa = PBXNativeTarget;
			buildConfigurationList = 72BD209627EFD4E80004A68B /* Build configuration list for PBXNativeTarget "QualificationsProject" */;
			buildPhases = (
				72BD207E27EFD4E70004A68B /* Sources */,
				72BD207F27EFD4E70004A68B /* Frameworks */,
				72BD208027EFD4E70004A68B /* Resources */,
			);
			buildRules = (
			);
			dependencies = (
			);
			name = QualificationsProject;
			packageProductDependencies = (
				727CD61827F0624B0085D457 /* Realm */,
				727CD61A27F0624B0085D457 /* RealmSwift */,
			);
			productName = QualificationsProject;
			productReference = 72BD208227EFD4E70004A68B /* QualificationsProject.app */;
			productType = "com.apple.product-type.application";
		};
/* End PBXNativeTarget section */

/* Begin PBXProject section */
		72BD207A27EFD4E70004A68B /* Project object */ = {
			isa = PBXProject;
			attributes = {
				BuildIndependentTargetsInParallel = 1;
				LastSwiftUpdateCheck = 1320;
				LastUpgradeCheck = 1320;
				TargetAttributes = {
					72BD208127EFD4E70004A68B = {
						CreatedOnToolsVersion = 13.2.1;
					};
				};
			};
			buildConfigurationList = 72BD207D27EFD4E70004A68B /* Build configuration list for PBXProject "QualificationsProject" */;
			compatibilityVersion = "Xcode 13.0";
			developmentRegion = en;
			hasScannedForEncodings = 0;
			knownRegions = (
				en,
				Base,
			);
			mainGroup = 72BD207927EFD4E70004A68B;
			packageReferences = (
				727CD61727F0624B0085D457 /* XCRemoteSwiftPackageReference "realm-cocoa" */,
			);
			productRefGroup = 72BD208327EFD4E70004A68B /* Products */;
			projectDirPath = "";
			projectRoot = "";
			targets = (
				72BD208127EFD4E70004A68B /* QualificationsProject */,
			);
		};
/* End PBXProject section */

/* Begin PBXResourcesBuildPhase section */
		72BD208027EFD4E70004A68B /* Resources */ = {
			isa = PBXResourcesBuildPhase;
			buildActionMask = 2147483647;
			files = (
				72BD209227EFD4E80004A68B /* LaunchScreen.storyboard in Resources */,
				72BD208F27EFD4E80004A68B /* Assets.xcassets in Resources */,
				72BD20A727EFD8330004A68B /* QualificationsViewController.xib in Resources */,
			);
			runOnlyForDeploymentPostprocessing = 0;
		};
/* End PBXResourcesBuildPhase section */

/* Begin PBXSourcesBuildPhase section */
		72BD207E27EFD4E70004A68B /* Sources */ = {
			isa = PBXSourcesBuildPhase;
			buildActionMask = 2147483647;
			files = (
				727CD61D27F062A90085D457 /* QualificationRealm.swift in Sources */,
				727CD62127F063AE0085D457 /* RegisterViewModel.swift in Sources */,
				72BD20AA27EFD8570004A68B /* RegisterQualificationsViewController.swift in Sources */,
				72BD20B427F044C90004A68B /* UITextFieldExtension.swift in Sources */,
				72BD20A627EFD8330004A68B /* QualificationsViewController.swift in Sources */,
				72BD208627EFD4E70004A68B /* AppDelegate.swift in Sources */,
				72BD20AE27EFD8FF0004A68B /* DataPersistence.swift in Sources */,
				72BD208827EFD4E70004A68B /* SceneDelegate.swift in Sources */,
				721FAD5E27F14A79000D85C3 /* SDCTextField.swift in Sources */,
				72BD20B027EFE7F00004A68B /* BaseViewController.swift in Sources */,
				72BD209B27EFD68A0004A68B /* QualificationsTabBar.swift in Sources */,
			);
			runOnlyForDeploymentPostprocessing = 0;
		};
/* End PBXSourcesBuildPhase section */

/* Begin PBXVariantGroup section */
		72BD209027EFD4E80004A68B /* LaunchScreen.storyboard */ = {
			isa = PBXVariantGroup;
			children = (
				72BD209127EFD4E80004A68B /* Base */,
			);
			name = LaunchScreen.storyboard;
			sourceTree = "<group>";
		};
/* End PBXVariantGroup section */

/* Begin XCBuildConfiguration section */
		72BD209427EFD4E80004A68B /* Debug */ = {
			isa = XCBuildConfiguration;
			buildSettings = {
				ALWAYS_SEARCH_USER_PATHS = NO;
				CLANG_ANALYZER_NONNULL = YES;
				CLANG_ANALYZER_NUMBER_OBJECT_CONVERSION = YES_AGGRESSIVE;
				CLANG_CXX_LANGUAGE_STANDARD = "gnu++17";
				CLANG_CXX_LIBRARY = "libc++";
				CLANG_ENABLE_MODULES = YES;
				CLANG_ENABLE_OBJC_ARC = YES;
				CLANG_ENABLE_OBJC_WEAK = YES;
				CLANG_WARN_BLOCK_CAPTURE_AUTORELEASING = YES;
				CLANG_WARN_BOOL_CONVERSION = YES;
				CLANG_WARN_COMMA = YES;
				CLANG_WARN_CONSTANT_CONVERSION = YES;
				CLANG_WARN_DEPRECATED_OBJC_IMPLEMENTATIONS = YES;
				CLANG_WARN_DIRECT_OBJC_ISA_USAGE = YES_ERROR;
				CLANG_WARN_DOCUMENTATION_COMMENTS = YES;
				CLANG_WARN_EMPTY_BODY = YES;
				CLANG_WARN_ENUM_CONVERSION = YES;
				CLANG_WARN_INFINITE_RECURSION = YES;
				CLANG_WARN_INT_CONVERSION = YES;
				CLANG_WARN_NON_LITERAL_NULL_CONVERSION = YES;
				CLANG_WARN_OBJC_IMPLICIT_RETAIN_SELF = YES;
				CLANG_WARN_OBJC_LITERAL_CONVERSION = YES;
				CLANG_WARN_OBJC_ROOT_CLASS = YES_ERROR;
				CLANG_WARN_QUOTED_INCLUDE_IN_FRAMEWORK_HEADER = YES;
				CLANG_WARN_RANGE_LOOP_ANALYSIS = YES;
				CLANG_WARN_STRICT_PROTOTYPES = YES;
				CLANG_WARN_SUSPICIOUS_MOVE = YES;
				CLANG_WARN_UNGUARDED_AVAILABILITY = YES_AGGRESSIVE;
				CLANG_WARN_UNREACHABLE_CODE = YES;
				CLANG_WARN__DUPLICATE_METHOD_MATCH = YES;
				COPY_PHASE_STRIP = NO;
				DEBUG_INFORMATION_FORMAT = dwarf;
				ENABLE_STRICT_OBJC_MSGSEND = YES;
				ENABLE_TESTABILITY = YES;
				GCC_C_LANGUAGE_STANDARD = gnu11;
				GCC_DYNAMIC_NO_PIC = NO;
				GCC_NO_COMMON_BLOCKS = YES;
				GCC_OPTIMIZATION_LEVEL = 0;
				GCC_PREPROCESSOR_DEFINITIONS = (
					"DEBUG=1",
					"$(inherited)",
				);
				GCC_WARN_64_TO_32_BIT_CONVERSION = YES;
				GCC_WARN_ABOUT_RETURN_TYPE = YES_ERROR;
				GCC_WARN_UNDECLARED_SELECTOR = YES;
				GCC_WARN_UNINITIALIZED_AUTOS = YES_AGGRESSIVE;
				GCC_WARN_UNUSED_FUNCTION = YES;
				GCC_WARN_UNUSED_VARIABLE = YES;
				IPHONEOS_DEPLOYMENT_TARGET = 15.2;
				MTL_ENABLE_DEBUG_INFO = INCLUDE_SOURCE;
				MTL_FAST_MATH = YES;
				ONLY_ACTIVE_ARCH = YES;
				SDKROOT = iphoneos;
				SWIFT_ACTIVE_COMPILATION_CONDITIONS = DEBUG;
				SWIFT_OPTIMIZATION_LEVEL = "-Onone";
			};
			name = Debug;
		};
		72BD209527EFD4E80004A68B /* Release */ = {
			isa = XCBuildConfiguration;
			buildSettings = {
				ALWAYS_SEARCH_USER_PATHS = NO;
				CLANG_ANALYZER_NONNULL = YES;
				CLANG_ANALYZER_NUMBER_OBJECT_CONVERSION = YES_AGGRESSIVE;
				CLANG_CXX_LANGUAGE_STANDARD = "gnu++17";
				CLANG_CXX_LIBRARY = "libc++";
				CLANG_ENABLE_MODULES = YES;
				CLANG_ENABLE_OBJC_ARC = YES;
				CLANG_ENABLE_OBJC_WEAK = YES;
				CLANG_WARN_BLOCK_CAPTURE_AUTORELEASING = YES;
				CLANG_WARN_BOOL_CONVERSION = YES;
				CLANG_WARN_COMMA = YES;
				CLANG_WARN_CONSTANT_CONVERSION = YES;
				CLANG_WARN_DEPRECATED_OBJC_IMPLEMENTATIONS = YES;
				CLANG_WARN_DIRECT_OBJC_ISA_USAGE = YES_ERROR;
				CLANG_WARN_DOCUMENTATION_COMMENTS = YES;
				CLANG_WARN_EMPTY_BODY = YES;
				CLANG_WARN_ENUM_CONVERSION = YES;
				CLANG_WARN_INFINITE_RECURSION = YES;
				CLANG_WARN_INT_CONVERSION = YES;
				CLANG_WARN_NON_LITERAL_NULL_CONVERSION = YES;
				CLANG_WARN_OBJC_IMPLICIT_RETAIN_SELF = YES;
				CLANG_WARN_OBJC_LITERAL_CONVERSION = YES;
				CLANG_WARN_OBJC_ROOT_CLASS = YES_ERROR;
				CLANG_WARN_QUOTED_INCLUDE_IN_FRAMEWORK_HEADER = YES;
				CLANG_WARN_RANGE_LOOP_ANALYSIS = YES;
				CLANG_WARN_STRICT_PROTOTYPES = YES;
				CLANG_WARN_SUSPICIOUS_MOVE = YES;
				CLANG_WARN_UNGUARDED_AVAILABILITY = YES_AGGRESSIVE;
				CLANG_WARN_UNREACHABLE_CODE = YES;
				CLANG_WARN__DUPLICATE_METHOD_MATCH = YES;
				COPY_PHASE_STRIP = NO;
				DEBUG_INFORMATION_FORMAT = "dwarf-with-dsym";
				ENABLE_NS_ASSERTIONS = NO;
				ENABLE_STRICT_OBJC_MSGSEND = YES;
				GCC_C_LANGUAGE_STANDARD = gnu11;
				GCC_NO_COMMON_BLOCKS = YES;
				GCC_WARN_64_TO_32_BIT_CONVERSION = YES;
				GCC_WARN_ABOUT_RETURN_TYPE = YES_ERROR;
				GCC_WARN_UNDECLARED_SELECTOR = YES;
				GCC_WARN_UNINITIALIZED_AUTOS = YES_AGGRESSIVE;
				GCC_WARN_UNUSED_FUNCTION = YES;
				GCC_WARN_UNUSED_VARIABLE = YES;
				IPHONEOS_DEPLOYMENT_TARGET = 15.2;
				MTL_ENABLE_DEBUG_INFO = NO;
				MTL_FAST_MATH = YES;
				SDKROOT = iphoneos;
				SWIFT_COMPILATION_MODE = wholemodule;
				SWIFT_OPTIMIZATION_LEVEL = "-O";
				VALIDATE_PRODUCT = YES;
			};
			name = Release;
		};
		72BD209727EFD4E80004A68B /* Debug */ = {
			isa = XCBuildConfiguration;
			buildSettings = {
				ASSETCATALOG_COMPILER_APPICON_NAME = AppIcon;
				ASSETCATALOG_COMPILER_GLOBAL_ACCENT_COLOR_NAME = AccentColor;
				CODE_SIGN_STYLE = Automatic;
				CURRENT_PROJECT_VERSION = 1;
				DEVELOPMENT_TEAM = TXJ7W24BC8;
				GENERATE_INFOPLIST_FILE = YES;
				INFOPLIST_FILE = QualificationsProject/Info.plist;
				INFOPLIST_KEY_UIApplicationSupportsIndirectInputEvents = YES;
				INFOPLIST_KEY_UILaunchStoryboardName = LaunchScreen;
				INFOPLIST_KEY_UISupportedInterfaceOrientations_iPad = "UIInterfaceOrientationPortrait UIInterfaceOrientationPortraitUpsideDown UIInterfaceOrientationLandscapeLeft UIInterfaceOrientationLandscapeRight";
				INFOPLIST_KEY_UISupportedInterfaceOrientations_iPhone = "UIInterfaceOrientationPortrait UIInterfaceOrientationLandscapeLeft UIInterfaceOrientationLandscapeRight";
				LD_RUNPATH_SEARCH_PATHS = (
					"$(inherited)",
					"@executable_path/Frameworks",
				);
				MARKETING_VERSION = 1.0;
				PRODUCT_BUNDLE_IDENTIFIER = com.gustavogutierrez.QualificationsProject;
				PRODUCT_NAME = "$(TARGET_NAME)";
				SWIFT_EMIT_LOC_STRINGS = YES;
				SWIFT_VERSION = 5.0;
				TARGETED_DEVICE_FAMILY = "1,2";
			};
			name = Debug;
		};
		72BD209827EFD4E80004A68B /* Release */ = {
			isa = XCBuildConfiguration;
			buildSettings = {
				ASSETCATALOG_COMPILER_APPICON_NAME = AppIcon;
				ASSETCATALOG_COMPILER_GLOBAL_ACCENT_COLOR_NAME = AccentColor;
				CODE_SIGN_STYLE = Automatic;
				CURRENT_PROJECT_VERSION = 1;
				DEVELOPMENT_TEAM = TXJ7W24BC8;
				GENERATE_INFOPLIST_FILE = YES;
				INFOPLIST_FILE = QualificationsProject/Info.plist;
				INFOPLIST_KEY_UIApplicationSupportsIndirectInputEvents = YES;
				INFOPLIST_KEY_UILaunchStoryboardName = LaunchScreen;
				INFOPLIST_KEY_UISupportedInterfaceOrientations_iPad = "UIInterfaceOrientationPortrait UIInterfaceOrientationPortraitUpsideDown UIInterfaceOrientationLandscapeLeft UIInterfaceOrientationLandscapeRight";
				INFOPLIST_KEY_UISupportedInterfaceOrientations_iPhone = "UIInterfaceOrientationPortrait UIInterfaceOrientationLandscapeLeft UIInterfaceOrientationLandscapeRight";
				LD_RUNPATH_SEARCH_PATHS = (
					"$(inherited)",
					"@executable_path/Frameworks",
				);
				MARKETING_VERSION = 1.0;
				PRODUCT_BUNDLE_IDENTIFIER = com.gustavogutierrez.QualificationsProject;
				PRODUCT_NAME = "$(TARGET_NAME)";
				SWIFT_EMIT_LOC_STRINGS = YES;
				SWIFT_VERSION = 5.0;
				TARGETED_DEVICE_FAMILY = "1,2";
			};
			name = Release;
		};
/* End XCBuildConfiguration section */

/* Begin XCConfigurationList section */
		72BD207D27EFD4E70004A68B /* Build configuration list for PBXProject "QualificationsProject" */ = {
			isa = XCConfigurationList;
			buildConfigurations = (
				72BD209427EFD4E80004A68B /* Debug */,
				72BD209527EFD4E80004A68B /* Release */,
			);
			defaultConfigurationIsVisible = 0;
			defaultConfigurationName = Release;
		};
		72BD209627EFD4E80004A68B /* Build configuration list for PBXNativeTarget "QualificationsProject" */ = {
			isa = XCConfigurationList;
			buildConfigurations = (
				72BD209727EFD4E80004A68B /* Debug */,
				72BD209827EFD4E80004A68B /* Release */,
			);
			defaultConfigurationIsVisible = 0;
			defaultConfigurationName = Release;
		};
/* End XCConfigurationList section */

/* Begin XCRemoteSwiftPackageReference section */
		727CD61727F0624B0085D457 /* XCRemoteSwiftPackageReference "realm-cocoa" */ = {
			isa = XCRemoteSwiftPackageReference;
			repositoryURL = "https://github.com/realm/realm-cocoa.git";
			requirement = {
				branch = master;
				kind = branch;
			};
		};
/* End XCRemoteSwiftPackageReference section */

/* Begin XCSwiftPackageProductDependency section */
		727CD61827F0624B0085D457 /* Realm */ = {
			isa = XCSwiftPackageProductDependency;
			package = 727CD61727F0624B0085D457 /* XCRemoteSwiftPackageReference "realm-cocoa" */;
			productName = Realm;
		};
		727CD61A27F0624B0085D457 /* RealmSwift */ = {
			isa = XCSwiftPackageProductDependency;
			package = 727CD61727F0624B0085D457 /* XCRemoteSwiftPackageReference "realm-cocoa" */;
			productName = RealmSwift;
		};
/* End XCSwiftPackageProductDependency section */
	};
	rootObject = 72BD207A27EFD4E70004A68B /* Project object */;
}
